
Microsoft Visual Studio Solution File, Format Version 12.00
# Visual Studio 2013
VisualStudioVersion = 12.0.40629.0
MinimumVisualStudioVersion = 10.0.40219.1
Project("{FAE04EC0-301F-11D3-BF4B-00C04F79EFBC}") = "teoriaDesiciones", "teoriaDesiciones\teoriaDesiciones.csproj", "{336D9AD1-644F-408F-9521-BEAFEA8CF173}"
EndProject
Project("{FAE04EC0-301F-11D3-BF4B-00C04F79EFBC}") = "teoriaDesicionesWeb", "teoriaDesicionesWeb\teoriaDesicionesWeb.csproj", "{ADCCE3A8-D617-4FC8-A1CB-FF62B1A435EF}"
EndProject
Global
	GlobalSection(SolutionConfigurationPlatforms) = preSolution
		Debug|Any CPU = Debug|Any CPU
		Release|Any CPU = Release|Any CPU
	EndGlobalSection
	GlobalSection(ProjectConfigurationPlatforms) = postSolution
		{336D9AD1-644F-408F-9521-BEAFEA8CF173}.Debug|Any CPU.ActiveCfg = Debug|Any CPU
		{336D9AD1-644F-408F-9521-BEAFEA8CF173}.Debug|Any CPU.Build.0 = Debug|Any CPU
		{336D9AD1-644F-408F-9521-BEAFEA8CF173}.Release|Any CPU.ActiveCfg = Release|Any CPU
		{336D9AD1-644F-408F-9521-BEAFEA8CF173}.Release|Any CPU.Build.0 = Release|Any CPU
		{ADCCE3A8-D617-4FC8-A1CB-FF62B1A435EF}.Debug|Any CPU.ActiveCfg = Debug|Any CPU
		{ADCCE3A8-D617-4FC8-A1CB-FF62B1A435EF}.Debug|Any CPU.Build.0 = Debug|Any CPU
		{ADCCE3A8-D617-4FC8-A1CB-FF62B1A435EF}.Release|Any CPU.ActiveCfg = Release|Any CPU
		{ADCCE3A8-D617-4FC8-A1CB-FF62B1A435EF}.Release|Any CPU.Build.0 = Release|Any CPU
	EndGlobalSection
	GlobalSection(SolutionProperties) = preSolution
		HideSolutionNode = FALSE
	EndGlobalSection
EndGlobal
